
Microsoft Visual Studio Solution File, Format Version 12.00
Project("{FAE04EC0-301F-11D3-BF4B-00C04F79EFBC}") = "LearningProject", "LearningProject\LearningProject.csproj", "{65A1191E-5809-4119-A35B-D1610FB56B11}"
EndProject
Global
	GlobalSection(SolutionConfigurationPlatforms) = preSolution
		Debug|Any CPU = Debug|Any CPU
		Release|Any CPU = Release|Any CPU
	EndGlobalSection
	GlobalSection(ProjectConfigurationPlatforms) = postSolution
		{65A1191E-5809-4119-A35B-D1610FB56B11}.Debug|Any CPU.ActiveCfg = Debug|Any CPU
		{65A1191E-5809-4119-A35B-D1610FB56B11}.Debug|Any CPU.Build.0 = Debug|Any CPU
		{65A1191E-5809-4119-A35B-D1610FB56B11}.Release|Any CPU.ActiveCfg = Release|Any CPU
		{65A1191E-5809-4119-A35B-D1610FB56B11}.Release|Any CPU.Build.0 = Release|Any CPU
	EndGlobalSection
EndGlobal
